
Microsoft Visual Studio Solution File, Format Version 12.00
# Visual Studio Version 16
VisualStudioVersion = 16.0.31624.102
MinimumVisualStudioVersion = 10.0.40219.1
Project("{8BC9CEB8-8B4A-11D0-8D11-00A0C91BC942}") = "screen_record", "screen_record\screen_record.vcxproj", "{DA498E0B-8E0A-4825-A34F-8378E661775D}"
	ProjectSection(ProjectDependencies) = postProject
		{59696E93-9FA4-4DB6-9A12-57464B5EA657} = {59696E93-9FA4-4DB6-9A12-57464B5EA657}
		{AA1E50DF-0914-4891-8304-C1DBE353C883} = {AA1E50DF-0914-4891-8304-C1DBE353C883}
	EndProjectSection
EndProject
Project("{2150E333-8FDC-42A3-9474-1A3956D46DE8}") = "demo", "demo", "{428D2116-31F4-4B99-9954-821B14276077}"
EndProject
Project("{8BC9CEB8-8B4A-11D0-8D11-00A0C91BC942}") = "video_info", "demo\video_info\video_info.vcxproj", "{0000C7E3-29CC-45C5-8CD8-9CC9E3F03635}"
EndProject
Project("{8BC9CEB8-8B4A-11D0-8D11-00A0C91BC942}") = "capturer", "capturer\capturer.vcxproj", "{59696E93-9FA4-4DB6-9A12-57464B5EA657}"
EndProject
Project("{8BC9CEB8-8B4A-11D0-8D11-00A0C91BC942}") = "encoder", "encoder\encoder.vcxproj", "{AA1E50DF-0914-4891-8304-C1DBE353C883}"
EndProject
Project("{8BC9CEB8-8B4A-11D0-8D11-00A0C91BC942}") = "picture_capture", "demo\picture_capture\picture_capture.vcxproj", "{D9F7F750-7C69-452D-BB5B-ACB05F33164F}"
	ProjectSection(ProjectDependencies) = postProject
		{59696E93-9FA4-4DB6-9A12-57464B5EA657} = {59696E93-9FA4-4DB6-9A12-57464B5EA657}
	EndProjectSection
EndProject
Project("{8BC9CEB8-8B4A-11D0-8D11-00A0C91BC942}") = "encode_video", "demo\encode_video\encode_video.vcxproj", "{8DD0EF2E-2812-4286-A092-5F618D96A717}"
EndProject
Global
	GlobalSection(SolutionConfigurationPlatforms) = preSolution
		Debug|x64 = Debug|x64
		Debug|x86 = Debug|x86
		Release|x64 = Release|x64
		Release|x86 = Release|x86
	EndGlobalSection
	GlobalSection(ProjectConfigurationPlatforms) = postSolution
		{DA498E0B-8E0A-4825-A34F-8378E661775D}.Debug|x64.ActiveCfg = Debug|Win32
		{DA498E0B-8E0A-4825-A34F-8378E661775D}.Debug|x86.ActiveCfg = Debug|Win32
		{DA498E0B-8E0A-4825-A34F-8378E661775D}.Debug|x86.Build.0 = Debug|Win32
		{DA498E0B-8E0A-4825-A34F-8378E661775D}.Release|x64.ActiveCfg = Release|Win32
		{DA498E0B-8E0A-4825-A34F-8378E661775D}.Release|x86.ActiveCfg = Release|Win32
		{DA498E0B-8E0A-4825-A34F-8378E661775D}.Release|x86.Build.0 = Release|Win32
		{0000C7E3-29CC-45C5-8CD8-9CC9E3F03635}.Debug|x64.ActiveCfg = Debug|x64
		{0000C7E3-29CC-45C5-8CD8-9CC9E3F03635}.Debug|x64.Build.0 = Debug|x64
		{0000C7E3-29CC-45C5-8CD8-9CC9E3F03635}.Debug|x86.ActiveCfg = Debug|Win32
		{0000C7E3-29CC-45C5-8CD8-9CC9E3F03635}.Debug|x86.Build.0 = Debug|Win32
		{0000C7E3-29CC-45C5-8CD8-9CC9E3F03635}.Release|x64.ActiveCfg = Release|x64
		{0000C7E3-29CC-45C5-8CD8-9CC9E3F03635}.Release|x64.Build.0 = Release|x64
		{0000C7E3-29CC-45C5-8CD8-9CC9E3F03635}.Release|x86.ActiveCfg = Release|Win32
		{0000C7E3-29CC-45C5-8CD8-9CC9E3F03635}.Release|x86.Build.0 = Release|Win32
		{59696E93-9FA4-4DB6-9A12-57464B5EA657}.Debug|x64.ActiveCfg = Debug|x64
		{59696E93-9FA4-4DB6-9A12-57464B5EA657}.Debug|x64.Build.0 = Debug|x64
		{59696E93-9FA4-4DB6-9A12-57464B5EA657}.Debug|x86.ActiveCfg = Debug|Win32
		{59696E93-9FA4-4DB6-9A12-57464B5EA657}.Debug|x86.Build.0 = Debug|Win32
		{59696E93-9FA4-4DB6-9A12-57464B5EA657}.Release|x64.ActiveCfg = Release|x64
		{59696E93-9FA4-4DB6-9A12-57464B5EA657}.Release|x64.Build.0 = Release|x64
		{59696E93-9FA4-4DB6-9A12-57464B5EA657}.Release|x86.ActiveCfg = Release|Win32
		{59696E93-9FA4-4DB6-9A12-57464B5EA657}.Release|x86.Build.0 = Release|Win32
		{AA1E50DF-0914-4891-8304-C1DBE353C883}.Debug|x64.ActiveCfg = Debug|x64
		{AA1E50DF-0914-4891-8304-C1DBE353C883}.Debug|x64.Build.0 = Debug|x64
		{AA1E50DF-0914-4891-8304-C1DBE353C883}.Debug|x86.ActiveCfg = Debug|Win32
		{AA1E50DF-0914-4891-8304-C1DBE353C883}.Debug|x86.Build.0 = Debug|Win32
		{AA1E50DF-0914-4891-8304-C1DBE353C883}.Release|x64.ActiveCfg = Release|x64
		{AA1E50DF-0914-4891-8304-C1DBE353C883}.Release|x64.Build.0 = Release|x64
		{AA1E50DF-0914-4891-8304-C1DBE353C883}.Release|x86.ActiveCfg = Release|Win32
		{AA1E50DF-0914-4891-8304-C1DBE353C883}.Release|x86.Build.0 = Release|Win32
		{D9F7F750-7C69-452D-BB5B-ACB05F33164F}.Debug|x64.ActiveCfg = Debug|x64
		{D9F7F750-7C69-452D-BB5B-ACB05F33164F}.Debug|x64.Build.0 = Debug|x64
		{D9F7F750-7C69-452D-BB5B-ACB05F33164F}.Debug|x86.ActiveCfg = Debug|Win32
		{D9F7F750-7C69-452D-BB5B-ACB05F33164F}.Debug|x86.Build.0 = Debug|Win32
		{D9F7F750-7C69-452D-BB5B-ACB05F33164F}.Release|x64.ActiveCfg = Release|x64
		{D9F7F750-7C69-452D-BB5B-ACB05F33164F}.Release|x64.Build.0 = Release|x64
		{D9F7F750-7C69-452D-BB5B-ACB05F33164F}.Release|x86.ActiveCfg = Release|Win32
		{D9F7F750-7C69-452D-BB5B-ACB05F33164F}.Release|x86.Build.0 = Release|Win32
		{8DD0EF2E-2812-4286-A092-5F618D96A717}.Debug|x64.ActiveCfg = Debug|x64
		{8DD0EF2E-2812-4286-A092-5F618D96A717}.Debug|x64.Build.0 = Debug|x64
		{8DD0EF2E-2812-4286-A092-5F618D96A717}.Debug|x86.ActiveCfg = Debug|Win32
		{8DD0EF2E-2812-4286-A092-5F618D96A717}.Debug|x86.Build.0 = Debug|Win32
		{8DD0EF2E-2812-4286-A092-5F618D96A717}.Release|x64.ActiveCfg = Release|x64
		{8DD0EF2E-2812-4286-A092-5F618D96A717}.Release|x64.Build.0 = Release|x64
		{8DD0EF2E-2812-4286-A092-5F618D96A717}.Release|x86.ActiveCfg = Release|Win32
		{8DD0EF2E-2812-4286-A092-5F618D96A717}.Release|x86.Build.0 = Release|Win32
	EndGlobalSection
	GlobalSection(SolutionProperties) = preSolution
		HideSolutionNode = FALSE
	EndGlobalSection
	GlobalSection(NestedProjects) = preSolution
		{0000C7E3-29CC-45C5-8CD8-9CC9E3F03635} = {428D2116-31F4-4B99-9954-821B14276077}
		{D9F7F750-7C69-452D-BB5B-ACB05F33164F} = {428D2116-31F4-4B99-9954-821B14276077}
		{8DD0EF2E-2812-4286-A092-5F618D96A717} = {428D2116-31F4-4B99-9954-821B14276077}
	EndGlobalSection
	GlobalSection(ExtensibilityGlobals) = postSolution
		SolutionGuid = {58F3FA65-B58E-4BD9-9993-99A5C621D80D}
	EndGlobalSection
EndGlobal
