<?xml version="1.0" encoding="utf-8"?>
<Project ToolsVersion="4.0" xmlns="http://schemas.microsoft.com/developer/msbuild/2003">
  <ItemGroup>
    <ClCompile Include="virtual_screen.cc" />
    <ClCompile Include="rect.cc" />
    <ClCompile Include="size.cc" />
    <ClCompile Include="point.cc" />
    <ClCompile Include="clock_watcher.cc" />
    <ClCompile Include="utils.cc" />
  </ItemGroup>
  <ItemGroup>
    <ClInclude Include="virtual_screen.h" />
    <ClInclude Include="rect.h" />
    <ClInclude Include="size.h" />
    <ClInclude Include="point.h" />
    <ClInclude Include="scoped_handle.h" />
    <ClInclude Include="clock_watcher.h" />
    <ClInclude Include="utils.h" />
  </ItemGroup>
</Project>