<?xml version="1.0" encoding="utf-8"?>
<Project ToolsVersion="4.0" xmlns="http://schemas.microsoft.com/developer/msbuild/2003">
  <ItemGroup>
    <Filter Include="Source Files">
      <UniqueIdentifier>{4FC737F1-C7A5-4376-A066-2A32D752A2FF}</UniqueIdentifier>
      <Extensions>qml;cpp;c;cc;cxx;def;odl;idl;hpj;bat;asm;asmx</Extensions>
    </Filter>
    <Filter Include="Resource Files">
      <UniqueIdentifier>{67DA6AB6-F800-4c08-8B7A-83BB121AAD01}</UniqueIdentifier>
      <Extensions>qrc;rc;ico;cur;bmp;dlg;rc2;rct;bin;rgs;gif;jpg;jpeg;jpe;resx;tiff;tif;png;wav;mfcribbon-ms</Extensions>
    </Filter>
    <Filter Include="Form Files">
      <UniqueIdentifier>{99349809-55BA-4b9d-BF79-8FDBB0286EB3}</UniqueIdentifier>
      <Extensions>ui</Extensions>
    </Filter>
    <Filter Include="Translation Files">
      <UniqueIdentifier>{639EADAA-A684-42e4-A9AD-28FC9BCB8F7C}</UniqueIdentifier>
      <Extensions>ts</Extensions>
    </Filter>
    <Filter Include="Source Files\encoder">
      <UniqueIdentifier>{b47ec231-93e5-4837-9067-dc927d6f926c}</UniqueIdentifier>
    </Filter>
    <Filter Include="Source Files\capturer">
      <UniqueIdentifier>{a47d1b9c-0155-4cd9-8445-85db8ee659d6}</UniqueIdentifier>
    </Filter>
    <Filter Include="Source Files\util">
      <UniqueIdentifier>{d0c4a9f0-1956-433f-9415-4fd8a3b525d7}</UniqueIdentifier>
    </Filter>
  </ItemGroup>
  <ItemGroup>
    <ClCompile Include="src\main.cc">
      <Filter>Source Files</Filter>
    </ClCompile>
    <ClCompile Include="src\main_window.cc">
      <Filter>Source Files</Filter>
    </ClCompile>
    <ClCompile Include="src\encoder\audio_encoder.cc">
      <Filter>Source Files\encoder</Filter>
    </ClCompile>
    <ClCompile Include="src\encoder\av_muxer.cc">
      <Filter>Source Files\encoder</Filter>
    </ClCompile>
    <ClCompile Include="src\encoder\video_encoder.cc">
      <Filter>Source Files\encoder</Filter>
    </ClCompile>
    <ClCompile Include="src\capturer\voice_capturer.cc">
      <Filter>Source Files\capturer</Filter>
    </ClCompile>
    <ClCompile Include="src\screen_recorder.cc">
      <Filter>Source Files</Filter>
    </ClCompile>
    <ClCompile Include="src\util\time_helper.cc">
      <Filter>Source Files\util</Filter>
    </ClCompile>
    <ClCompile Include="src\capturer\picture_capturer_d3d9.cc">
      <Filter>Source Files\capturer</Filter>
    </ClCompile>
    <ClCompile Include="src\capturer\picture_capturer_gdi.cc">
      <Filter>Source Files\capturer</Filter>
    </ClCompile>
    <ClCompile Include="src\capturer\picture_capturer.cc">
      <Filter>Source Files\capturer</Filter>
    </ClCompile>
  </ItemGroup>
  <ItemGroup>
    <QtUic Include="ui\main_window.ui">
      <Filter>Form Files</Filter>
    </QtUic>
  </ItemGroup>
  <ItemGroup>
    <QtMoc Include="src\main_window.h">
      <Filter>Source Files</Filter>
    </QtMoc>
  </ItemGroup>
  <ItemGroup>
    <QtRcc Include="res\screen_record.qrc">
      <Filter>Resource Files</Filter>
    </QtRcc>
  </ItemGroup>
  <ItemGroup>
    <ClInclude Include="src\encoder\audio_encoder.h">
      <Filter>Source Files\encoder</Filter>
    </ClInclude>
    <ClInclude Include="src\encoder\av_config.h">
      <Filter>Source Files\encoder</Filter>
    </ClInclude>
    <ClInclude Include="src\encoder\av_encoder.h">
      <Filter>Source Files\encoder</Filter>
    </ClInclude>
    <ClInclude Include="src\encoder\av_muxer.h">
      <Filter>Source Files\encoder</Filter>
    </ClInclude>
    <ClInclude Include="src\encoder\video_encoder.h">
      <Filter>Source Files\encoder</Filter>
    </ClInclude>
    <ClInclude Include="src\capturer\voice_capturer.h">
      <Filter>Source Files\capturer</Filter>
    </ClInclude>
    <ClInclude Include="src\ffmpeg.h">
      <Filter>Source Files</Filter>
    </ClInclude>
    <ClInclude Include="src\screen_recorder.h">
      <Filter>Source Files</Filter>
    </ClInclude>
    <ClInclude Include="src\util\time_helper.h">
      <Filter>Source Files\util</Filter>
    </ClInclude>
    <ClInclude Include="src\capturer\picture_capturer_d3d9.h">
      <Filter>Source Files\capturer</Filter>
    </ClInclude>
    <ClInclude Include="src\capturer\picture_capturer_gdi.h">
      <Filter>Source Files\capturer</Filter>
    </ClInclude>
    <ClInclude Include="src\capturer\picture_capturer.h">
      <Filter>Source Files\capturer</Filter>
    </ClInclude>
  </ItemGroup>
</Project>